
Microsoft Visual Studio Solution File, Format Version 12.00
# Visual Studio Version 17
VisualStudioVersion = 17.9.34902.65
MinimumVisualStudioVersion = 10.0.40219.1
Project("{FAE04EC0-301F-11D3-BF4B-00C04F79EFBC}") = "Sunergy.WebApp", "Sunergy.WebApp\Sunergy.WebApp.csproj", "{EE177CCC-1539-4F43-9A2C-1059F89C8A08}"
EndProject
Global
	GlobalSection(SolutionConfigurationPlatforms) = preSolution
		Debug|Any CPU = Debug|Any CPU
		Release|Any CPU = Release|Any CPU
	EndGlobalSection
	GlobalSection(ProjectConfigurationPlatforms) = postSolution
		{EE177CCC-1539-4F43-9A2C-1059F89C8A08}.Debug|Any CPU.ActiveCfg = Debug|Any CPU
		{EE177CCC-1539-4F43-9A2C-1059F89C8A08}.Debug|Any CPU.Build.0 = Debug|Any CPU
		{EE177CCC-1539-4F43-9A2C-1059F89C8A08}.Release|Any CPU.ActiveCfg = Release|Any CPU
		{EE177CCC-1539-4F43-9A2C-1059F89C8A08}.Release|Any CPU.Build.0 = Release|Any CPU
	EndGlobalSection
	GlobalSection(SolutionProperties) = preSolution
		HideSolutionNode = FALSE
	EndGlobalSection
	GlobalSection(ExtensibilityGlobals) = postSolution
		SolutionGuid = {D15A275A-78FB-4891-A29C-CD04F3EB0777}
	EndGlobalSection
EndGlobal
